
Microsoft Visual Studio Solution File, Format Version 12.00
# Visual Studio 2012
Project("{FAE04EC0-301F-11D3-BF4B-00C04F79EFBC}") = "AriUMModel", "..\AriUMModel\AriUMModel\AriUMModel.csproj", "{C50145E6-A244-4F1F-B41F-90D1925B4A00}"
EndProject
Project("{FAE04EC0-301F-11D3-BF4B-00C04F79EFBC}") = "AriUMConsole", "..\AriUMConsole\AriUMConsole\AriUMConsole.csproj", "{3EBBDC18-3B30-4967-8FD0-FF1BFD77F5D6}"
EndProject
Project("{FAE04EC0-301F-11D3-BF4B-00C04F79EFBC}") = "AriUMWebApi", "..\AriUMWebApi\AriUMWebApi.csproj", "{F7567BD0-B3EE-4ADA-8BFE-6588BFD15F75}"
EndProject
Project("{E24C65DC-7377-472B-9ABA-BC803B73C61A}") = "AriUMWebHtml", "http://localhost:49903", "{A09B68E2-652F-4ECD-A434-B3CCF48E5BCE}"
	ProjectSection(WebsiteProperties) = preProject
		UseIISExpress = "true"
		TargetFrameworkMoniker = ".NETFramework,Version%3Dv4.5"
		Debug.AspNetCompiler.VirtualPath = "/localhost_49903"
		Debug.AspNetCompiler.PhysicalPath = "..\AriUMWebHtml\"
		Debug.AspNetCompiler.TargetPath = "PrecompiledWeb\localhost_49903\"
		Debug.AspNetCompiler.Updateable = "true"
		Debug.AspNetCompiler.ForceOverwrite = "true"
		Debug.AspNetCompiler.FixedNames = "false"
		Debug.AspNetCompiler.Debug = "True"
		Release.AspNetCompiler.VirtualPath = "/localhost_49903"
		Release.AspNetCompiler.PhysicalPath = "..\AriUMWebHtml\"
		Release.AspNetCompiler.TargetPath = "PrecompiledWeb\localhost_49903\"
		Release.AspNetCompiler.Updateable = "true"
		Release.AspNetCompiler.ForceOverwrite = "true"
		Release.AspNetCompiler.FixedNames = "false"
		Release.AspNetCompiler.Debug = "False"
		SlnRelativePath = "..\AriUMWebHtml\"
		DefaultWebSiteLanguage = "Visual C#"
	EndProjectSection
EndProject
Global
	GlobalSection(SolutionConfigurationPlatforms) = preSolution
		Debug|Any CPU = Debug|Any CPU
		Release|Any CPU = Release|Any CPU
	EndGlobalSection
	GlobalSection(ProjectConfigurationPlatforms) = postSolution
		{C50145E6-A244-4F1F-B41F-90D1925B4A00}.Debug|Any CPU.ActiveCfg = Debug|Any CPU
		{C50145E6-A244-4F1F-B41F-90D1925B4A00}.Debug|Any CPU.Build.0 = Debug|Any CPU
		{C50145E6-A244-4F1F-B41F-90D1925B4A00}.Release|Any CPU.ActiveCfg = Release|Any CPU
		{C50145E6-A244-4F1F-B41F-90D1925B4A00}.Release|Any CPU.Build.0 = Release|Any CPU
		{3EBBDC18-3B30-4967-8FD0-FF1BFD77F5D6}.Debug|Any CPU.ActiveCfg = Debug|Any CPU
		{3EBBDC18-3B30-4967-8FD0-FF1BFD77F5D6}.Debug|Any CPU.Build.0 = Debug|Any CPU
		{3EBBDC18-3B30-4967-8FD0-FF1BFD77F5D6}.Release|Any CPU.ActiveCfg = Release|Any CPU
		{3EBBDC18-3B30-4967-8FD0-FF1BFD77F5D6}.Release|Any CPU.Build.0 = Release|Any CPU
		{F7567BD0-B3EE-4ADA-8BFE-6588BFD15F75}.Debug|Any CPU.ActiveCfg = Debug|Any CPU
		{F7567BD0-B3EE-4ADA-8BFE-6588BFD15F75}.Debug|Any CPU.Build.0 = Debug|Any CPU
		{F7567BD0-B3EE-4ADA-8BFE-6588BFD15F75}.Release|Any CPU.ActiveCfg = Release|Any CPU
		{F7567BD0-B3EE-4ADA-8BFE-6588BFD15F75}.Release|Any CPU.Build.0 = Release|Any CPU
		{A09B68E2-652F-4ECD-A434-B3CCF48E5BCE}.Debug|Any CPU.ActiveCfg = Debug|Any CPU
		{A09B68E2-652F-4ECD-A434-B3CCF48E5BCE}.Debug|Any CPU.Build.0 = Debug|Any CPU
		{A09B68E2-652F-4ECD-A434-B3CCF48E5BCE}.Release|Any CPU.ActiveCfg = Debug|Any CPU
		{A09B68E2-652F-4ECD-A434-B3CCF48E5BCE}.Release|Any CPU.Build.0 = Debug|Any CPU
	EndGlobalSection
	GlobalSection(SolutionProperties) = preSolution
		HideSolutionNode = FALSE
	EndGlobalSection
EndGlobal
